
Microsoft Visual Studio Solution File, Format Version 12.00
# Visual Studio Version 17
VisualStudioVersion = 17.8.34511.84
MinimumVisualStudioVersion = 10.0.40219.1
Project("{FAE04EC0-301F-11D3-BF4B-00C04F79EFBC}") = "CRUDJuanOrtizEF", "CRUDJuanOrtizEF\CRUDJuanOrtizEF.csproj", "{08F1159F-431B-4AF5-9633-93607FD7BFD5}"
EndProject
Global
	GlobalSection(SolutionConfigurationPlatforms) = preSolution
		Debug|Any CPU = Debug|Any CPU
		Release|Any CPU = Release|Any CPU
	EndGlobalSection
	GlobalSection(ProjectConfigurationPlatforms) = postSolution
		{08F1159F-431B-4AF5-9633-93607FD7BFD5}.Debug|Any CPU.ActiveCfg = Debug|Any CPU
		{08F1159F-431B-4AF5-9633-93607FD7BFD5}.Debug|Any CPU.Build.0 = Debug|Any CPU
		{08F1159F-431B-4AF5-9633-93607FD7BFD5}.Release|Any CPU.ActiveCfg = Release|Any CPU
		{08F1159F-431B-4AF5-9633-93607FD7BFD5}.Release|Any CPU.Build.0 = Release|Any CPU
	EndGlobalSection
	GlobalSection(SolutionProperties) = preSolution
		HideSolutionNode = FALSE
	EndGlobalSection
	GlobalSection(ExtensibilityGlobals) = postSolution
		SolutionGuid = {D99C6091-E212-4201-8C11-8801D857ED6E}
	EndGlobalSection
EndGlobal
